// !$*UTF8*$!
{
	archiveVersion = 1;
	classes = {
	};
	objectVersion = 46;
	objects = {

/* Begin PBXBuildFile section */
		52DA77130DFAB9765C562891 /* Pods_RHFramework.framework in Frameworks */ = {isa = PBXBuildFile; fileRef = C9D2A7980DE3F4270818B21C /* Pods_RHFramework.framework */; };
		952AC5C21BF4805C00F94F18 /* RHFramework.h in Headers */ = {isa = PBXBuildFile; fileRef = 952AC5C11BF4805C00F94F18 /* RHFramework.h */; settings = {ATTRIBUTES = (Public, ); }; };
		952AC5C91BF4805C00F94F18 /* RHFramework.framework in Frameworks */ = {isa = PBXBuildFile; fileRef = 952AC5BE1BF4805C00F94F18 /* RHFramework.framework */; };
		952AC5CE1BF4805C00F94F18 /* RHFrameworkTests.swift in Sources */ = {isa = PBXBuildFile; fileRef = 952AC5CD1BF4805C00F94F18 /* RHFrameworkTests.swift */; };
/* End PBXBuildFile section */

/* Begin PBXContainerItemProxy section */
		952AC5CA1BF4805C00F94F18 /* PBXContainerItemProxy */ = {
			isa = PBXContainerItemProxy;
			containerPortal = 952AC5B51BF4805C00F94F18 /* Project object */;
			proxyType = 1;
			remoteGlobalIDString = 952AC5BD1BF4805C00F94F18;
			remoteInfo = RHFramework;
		};
/* End PBXContainerItemProxy section */

/* Begin PBXFileReference section */
		0DCC3E9770158410B190CDD2 /* Pods-RHFramework.debug.xcconfig */ = {isa = PBXFileReference; includeInIndex = 1; lastKnownFileType = text.xcconfig; name = "Pods-RHFramework.debug.xcconfig"; path = "Pods/Target Support Files/Pods-RHFramework/Pods-RHFramework.debug.xcconfig"; sourceTree = "<group>"; };
		77A181581C824CB659DE8002 /* Pods-RHFramework.release.xcconfig */ = {isa = PBXFileReference; includeInIndex = 1; lastKnownFileType = text.xcconfig; name = "Pods-RHFramework.release.xcconfig"; path = "Pods/Target Support Files/Pods-RHFramework/Pods-RHFramework.release.xcconfig"; sourceTree = "<group>"; };
		952AC5BE1BF4805C00F94F18 /* RHFramework.framework */ = {isa = PBXFileReference; explicitFileType = wrapper.framework; includeInIndex = 0; path = RHFramework.framework; sourceTree = BUILT_PRODUCTS_DIR; };
		952AC5C11BF4805C00F94F18 /* RHFramework.h */ = {isa = PBXFileReference; lastKnownFileType = sourcecode.c.h; path = RHFramework.h; sourceTree = "<group>"; };
		952AC5C31BF4805C00F94F18 /* Info.plist */ = {isa = PBXFileReference; lastKnownFileType = text.plist.xml; path = Info.plist; sourceTree = "<group>"; };
		952AC5C81BF4805C00F94F18 /* RHFrameworkTests.xctest */ = {isa = PBXFileReference; explicitFileType = wrapper.cfbundle; includeInIndex = 0; path = RHFrameworkTests.xctest; sourceTree = BUILT_PRODUCTS_DIR; };
		952AC5CD1BF4805C00F94F18 /* RHFrameworkTests.swift */ = {isa = PBXFileReference; lastKnownFileType = sourcecode.swift; path = RHFrameworkTests.swift; sourceTree = "<group>"; };
		952AC5CF1BF4805C00F94F18 /* Info.plist */ = {isa = PBXFileReference; lastKnownFileType = text.plist.xml; path = Info.plist; sourceTree = "<group>"; };
		C9D2A7980DE3F4270818B21C /* Pods_RHFramework.framework */ = {isa = PBXFileReference; explicitFileType = wrapper.framework; includeInIndex = 0; path = Pods_RHFramework.framework; sourceTree = BUILT_PRODUCTS_DIR; };
/* End PBXFileReference section */

/* Begin PBXFrameworksBuildPhase section */
		952AC5BA1BF4805C00F94F18 /* Frameworks */ = {
			isa = PBXFrameworksBuildPhase;
			buildActionMask = 2147483647;
			files = (
				52DA77130DFAB9765C562891 /* Pods_RHFramework.framework in Frameworks */,
			);
			runOnlyForDeploymentPostprocessing = 0;
		};
		952AC5C51BF4805C00F94F18 /* Frameworks */ = {
			isa = PBXFrameworksBuildPhase;
			buildActionMask = 2147483647;
			files = (
				952AC5C91BF4805C00F94F18 /* RHFramework.framework in Frameworks */,
			);
			runOnlyForDeploymentPostprocessing = 0;
		};
/* End PBXFrameworksBuildPhase section */

/* Begin PBXGroup section */
		17D5AD41E5552E10F36E7EDC /* Pods */ = {
			isa = PBXGroup;
			children = (
				0DCC3E9770158410B190CDD2 /* Pods-RHFramework.debug.xcconfig */,
				77A181581C824CB659DE8002 /* Pods-RHFramework.release.xcconfig */,
			);
			name = Pods;
			sourceTree = "<group>";
		};
		952AC5B41BF4805C00F94F18 = {
			isa = PBXGroup;
			children = (
				952AC5C01BF4805C00F94F18 /* RHFramework */,
				952AC5CC1BF4805C00F94F18 /* RHFrameworkTests */,
				952AC5BF1BF4805C00F94F18 /* Products */,
				17D5AD41E5552E10F36E7EDC /* Pods */,
				C67E133B025353918303DC4F /* Frameworks */,
			);
			sourceTree = "<group>";
		};
		952AC5BF1BF4805C00F94F18 /* Products */ = {
			isa = PBXGroup;
			children = (
				952AC5BE1BF4805C00F94F18 /* RHFramework.framework */,
				952AC5C81BF4805C00F94F18 /* RHFrameworkTests.xctest */,
			);
			name = Products;
			sourceTree = "<group>";
		};
		952AC5C01BF4805C00F94F18 /* RHFramework */ = {
			isa = PBXGroup;
			children = (
				952AC5C11BF4805C00F94F18 /* RHFramework.h */,
				952AC5C31BF4805C00F94F18 /* Info.plist */,
			);
			path = RHFramework;
			sourceTree = "<group>";
		};
		952AC5CC1BF4805C00F94F18 /* RHFrameworkTests */ = {
			isa = PBXGroup;
			children = (
				952AC5CD1BF4805C00F94F18 /* RHFrameworkTests.swift */,
				952AC5CF1BF4805C00F94F18 /* Info.plist */,
			);
			path = RHFrameworkTests;
			sourceTree = "<group>";
		};
		C67E133B025353918303DC4F /* Frameworks */ = {
			isa = PBXGroup;
			children = (
				C9D2A7980DE3F4270818B21C /* Pods_RHFramework.framework */,
			);
			name = Frameworks;
			sourceTree = "<group>";
		};
/* End PBXGroup section */

/* Begin PBXHeadersBuildPhase section */
		952AC5BB1BF4805C00F94F18 /* Headers */ = {
			isa = PBXHeadersBuildPhase;
			buildActionMask = 2147483647;
			files = (
				952AC5C21BF4805C00F94F18 /* RHFramework.h in Headers */,
			);
			runOnlyForDeploymentPostprocessing = 0;
		};
/* End PBXHeadersBuildPhase section */

/* Begin PBXNativeTarget section */
		952AC5BD1BF4805C00F94F18 /* RHFramework */ = {
			isa = PBXNativeTarget;
			buildConfigurationList = 952AC5D21BF4805C00F94F18 /* Build configuration list for PBXNativeTarget "RHFramework" */;
			buildPhases = (
				4793CAF7C34FC5BB2F2FEC3A /* Check Pods Manifest.lock */,
				952AC5B91BF4805C00F94F18 /* Sources */,
				952AC5BA1BF4805C00F94F18 /* Frameworks */,
				952AC5BB1BF4805C00F94F18 /* Headers */,
				952AC5BC1BF4805C00F94F18 /* Resources */,
				EA7CC7B5A4F0F370FB131DC1 /* Copy Pods Resources */,
			);
			buildRules = (
			);
			dependencies = (
			);
			name = RHFramework;
			productName = RHFramework;
			productReference = 952AC5BE1BF4805C00F94F18 /* RHFramework.framework */;
			productType = "com.apple.product-type.framework";
		};
		952AC5C71BF4805C00F94F18 /* RHFrameworkTests */ = {
			isa = PBXNativeTarget;
			buildConfigurationList = 952AC5D51BF4805C00F94F18 /* Build configuration list for PBXNativeTarget "RHFrameworkTests" */;
			buildPhases = (
				952AC5C41BF4805C00F94F18 /* Sources */,
				952AC5C51BF4805C00F94F18 /* Frameworks */,
				952AC5C61BF4805C00F94F18 /* Resources */,
			);
			buildRules = (
			);
			dependencies = (
				952AC5CB1BF4805C00F94F18 /* PBXTargetDependency */,
			);
			name = RHFrameworkTests;
			productName = RHFrameworkTests;
			productReference = 952AC5C81BF4805C00F94F18 /* RHFrameworkTests.xctest */;
			productType = "com.apple.product-type.bundle.unit-test";
		};
/* End PBXNativeTarget section */

/* Begin PBXProject section */
		952AC5B51BF4805C00F94F18 /* Project object */ = {
			isa = PBXProject;
			attributes = {
				LastSwiftUpdateCheck = 0710;
				LastUpgradeCheck = 0710;
				ORGANIZATIONNAME = "Rickzon Hagos";
				TargetAttributes = {
					952AC5BD1BF4805C00F94F18 = {
						CreatedOnToolsVersion = 7.1;
					};
					952AC5C71BF4805C00F94F18 = {
						CreatedOnToolsVersion = 7.1;
					};
				};
			};
			buildConfigurationList = 952AC5B81BF4805C00F94F18 /* Build configuration list for PBXProject "RHFramework" */;
			compatibilityVersion = "Xcode 3.2";
			developmentRegion = English;
			hasScannedForEncodings = 0;
			knownRegions = (
				en,
			);
			mainGroup = 952AC5B41BF4805C00F94F18;
			productRefGroup = 952AC5BF1BF4805C00F94F18 /* Products */;
			projectDirPath = "";
			projectRoot = "";
			targets = (
				952AC5BD1BF4805C00F94F18 /* RHFramework */,
				952AC5C71BF4805C00F94F18 /* RHFrameworkTests */,
			);
		};
/* End PBXProject section */

/* Begin PBXResourcesBuildPhase section */
		952AC5BC1BF4805C00F94F18 /* Resources */ = {
			isa = PBXResourcesBuildPhase;
			buildActionMask = 2147483647;
			files = (
			);
			runOnlyForDeploymentPostprocessing = 0;
		};
		952AC5C61BF4805C00F94F18 /* Resources */ = {
			isa = PBXResourcesBuildPhase;
			buildActionMask = 2147483647;
			files = (
			);
			runOnlyForDeploymentPostprocessing = 0;
		};
/* End PBXResourcesBuildPhase section */

/* Begin PBXShellScriptBuildPhase section */
		4793CAF7C34FC5BB2F2FEC3A /* Check Pods Manifest.lock */ = {
			isa = PBXShellScriptBuildPhase;
			buildActionMask = 2147483647;
			files = (
			);
			inputPaths = (
			);
			name = "Check Pods Manifest.lock";
			outputPaths = (
			);
			runOnlyForDeploymentPostprocessing = 0;
			shellPath = /bin/sh;
			shellScript = "diff \"${PODS_ROOT}/../Podfile.lock\" \"${PODS_ROOT}/Manifest.lock\" > /dev/null\nif [[ $? != 0 ]] ; then\n    cat << EOM\nerror: The sandbox is not in sync with the Podfile.lock. Run 'pod install' or update your CocoaPods installation.\nEOM\n    exit 1\nfi\n";
			showEnvVarsInLog = 0;
		};
		EA7CC7B5A4F0F370FB131DC1 /* Copy Pods Resources */ = {
			isa = PBXShellScriptBuildPhase;
			buildActionMask = 2147483647;
			files = (
			);
			inputPaths = (
			);
			name = "Copy Pods Resources";
			outputPaths = (
			);
			runOnlyForDeploymentPostprocessing = 0;
			shellPath = /bin/sh;
			shellScript = "\"${SRCROOT}/Pods/Target Support Files/Pods-RHFramework/Pods-RHFramework-resources.sh\"\n";
			showEnvVarsInLog = 0;
		};
/* End PBXShellScriptBuildPhase section */

/* Begin PBXSourcesBuildPhase section */
		952AC5B91BF4805C00F94F18 /* Sources */ = {
			isa = PBXSourcesBuildPhase;
			buildActionMask = 2147483647;
			files = (
			);
			runOnlyForDeploymentPostprocessing = 0;
		};
		952AC5C41BF4805C00F94F18 /* Sources */ = {
			isa = PBXSourcesBuildPhase;
			buildActionMask = 2147483647;
			files = (
				952AC5CE1BF4805C00F94F18 /* RHFrameworkTests.swift in Sources */,
			);
			runOnlyForDeploymentPostprocessing = 0;
		};
/* End PBXSourcesBuildPhase section */

/* Begin PBXTargetDependency section */
		952AC5CB1BF4805C00F94F18 /* PBXTargetDependency */ = {
			isa = PBXTargetDependency;
			target = 952AC5BD1BF4805C00F94F18 /* RHFramework */;
			targetProxy = 952AC5CA1BF4805C00F94F18 /* PBXContainerItemProxy */;
		};
/* End PBXTargetDependency section */

/* Begin XCBuildConfiguration section */
		952AC5D01BF4805C00F94F18 /* Debug */ = {
			isa = XCBuildConfiguration;
			buildSettings = {
				ALWAYS_SEARCH_USER_PATHS = NO;
				CLANG_CXX_LANGUAGE_STANDARD = "gnu++0x";
				CLANG_CXX_LIBRARY = "libc++";
				CLANG_ENABLE_MODULES = YES;
				CLANG_ENABLE_OBJC_ARC = YES;
				CLANG_WARN_BOOL_CONVERSION = YES;
				CLANG_WARN_CONSTANT_CONVERSION = YES;
				CLANG_WARN_DIRECT_OBJC_ISA_USAGE = YES_ERROR;
				CLANG_WARN_EMPTY_BODY = YES;
				CLANG_WARN_ENUM_CONVERSION = YES;
				CLANG_WARN_INT_CONVERSION = YES;
				CLANG_WARN_OBJC_ROOT_CLASS = YES_ERROR;
				CLANG_WARN_UNREACHABLE_CODE = YES;
				CLANG_WARN__DUPLICATE_METHOD_MATCH = YES;
				"CODE_SIGN_IDENTITY[sdk=iphoneos*]" = "iPhone Developer";
				COPY_PHASE_STRIP = NO;
				CURRENT_PROJECT_VERSION = 1;
				DEBUG_INFORMATION_FORMAT = dwarf;
				ENABLE_STRICT_OBJC_MSGSEND = YES;
				ENABLE_TESTABILITY = YES;
				GCC_C_LANGUAGE_STANDARD = gnu99;
				GCC_DYNAMIC_NO_PIC = NO;
				GCC_NO_COMMON_BLOCKS = YES;
				GCC_OPTIMIZATION_LEVEL = 0;
				GCC_PREPROCESSOR_DEFINITIONS = (
					"DEBUG=1",
					"$(inherited)",
				);
				GCC_WARN_64_TO_32_BIT_CONVERSION = YES;
				GCC_WARN_ABOUT_RETURN_TYPE = YES_ERROR;
				GCC_WARN_UNDECLARED_SELECTOR = YES;
				GCC_WARN_UNINITIALIZED_AUTOS = YES_AGGRESSIVE;
				GCC_WARN_UNUSED_FUNCTION = YES;
				GCC_WARN_UNUSED_VARIABLE = YES;
				IPHONEOS_DEPLOYMENT_TARGET = 9.1;
				MTL_ENABLE_DEBUG_INFO = YES;
				ONLY_ACTIVE_ARCH = YES;
				SDKROOT = iphoneos;
				SWIFT_OPTIMIZATION_LEVEL = "-Onone";
				TARGETED_DEVICE_FAMILY = "1,2";
				VERSIONING_SYSTEM = "apple-generic";
				VERSION_INFO_PREFIX = "";
			};
			name = Debug;
		};
		952AC5D11BF4805C00F94F18 /* Release */ = {
			isa = XCBuildConfiguration;
			buildSettings = {
				ALWAYS_SEARCH_USER_PATHS = NO;
				CLANG_CXX_LANGUAGE_STANDARD = "gnu++0x";
				CLANG_CXX_LIBRARY = "libc++";
				CLANG_ENABLE_MODULES = YES;
				CLANG_ENABLE_OBJC_ARC = YES;
				CLANG_WARN_BOOL_CONVERSION = YES;
				CLANG_WARN_CONSTANT_CONVERSION = YES;
				CLANG_WARN_DIRECT_OBJC_ISA_USAGE = YES_ERROR;
				CLANG_WARN_EMPTY_BODY = YES;
				CLANG_WARN_ENUM_CONVERSION = YES;
				CLANG_WARN_INT_CONVERSION = YES;
				CLANG_WARN_OBJC_ROOT_CLASS = YES_ERROR;
				CLANG_WARN_UNREACHABLE_CODE = YES;
				CLANG_WARN__DUPLICATE_METHOD_MATCH = YES;
				"CODE_SIGN_IDENTITY[sdk=iphoneos*]" = "iPhone Developer";
				COPY_PHASE_STRIP = NO;
				CURRENT_PROJECT_VERSION = 1;
				DEBUG_INFORMATION_FORMAT = "dwarf-with-dsym";
				ENABLE_NS_ASSERTIONS = NO;
				ENABLE_STRICT_OBJC_MSGSEND = YES;
				GCC_C_LANGUAGE_STANDARD = gnu99;
				GCC_NO_COMMON_BLOCKS = YES;
				GCC_WARN_64_TO_32_BIT_CONVERSION = YES;
				GCC_WARN_ABOUT_RETURN_TYPE = YES_ERROR;
				GCC_WARN_UNDECLARED_SELECTOR = YES;
				GCC_WARN_UNINITIALIZED_AUTOS = YES_AGGRESSIVE;
				GCC_WARN_UNUSED_FUNCTION = YES;
				GCC_WARN_UNUSED_VARIABLE = YES;
				IPHONEOS_DEPLOYMENT_TARGET = 9.1;
				MTL_ENABLE_DEBUG_INFO = NO;
				SDKROOT = iphoneos;
				TARGETED_DEVICE_FAMILY = "1,2";
				VALIDATE_PRODUCT = YES;
				VERSIONING_SYSTEM = "apple-generic";
				VERSION_INFO_PREFIX = "";
			};
			name = Release;
		};
		952AC5D31BF4805C00F94F18 /* Debug */ = {
			isa = XCBuildConfiguration;
			baseConfigurationReference = 0DCC3E9770158410B190CDD2 /* Pods-RHFramework.debug.xcconfig */;
			buildSettings = {
				DEFINES_MODULE = YES;
				DYLIB_COMPATIBILITY_VERSION = 1;
				DYLIB_CURRENT_VERSION = 1;
				DYLIB_INSTALL_NAME_BASE = "@rpath";
				INFOPLIST_FILE = RHFramework/Info.plist;
				INSTALL_PATH = "$(LOCAL_LIBRARY_DIR)/Frameworks";
				LD_RUNPATH_SEARCH_PATHS = "$(inherited) @executable_path/Frameworks @loader_path/Frameworks";
				PRODUCT_BUNDLE_IDENTIFIER = ph.com.rickzonhagos.RHFramework;
				PRODUCT_NAME = "$(TARGET_NAME)";
				SKIP_INSTALL = YES;
			};
			name = Debug;
		};
		952AC5D41BF4805C00F94F18 /* Release */ = {
			isa = XCBuildConfiguration;
			baseConfigurationReference = 77A181581C824CB659DE8002 /* Pods-RHFramework.release.xcconfig */;
			buildSettings = {
				DEFINES_MODULE = YES;
				DYLIB_COMPATIBILITY_VERSION = 1;
				DYLIB_CURRENT_VERSION = 1;
				DYLIB_INSTALL_NAME_BASE = "@rpath";
				INFOPLIST_FILE = RHFramework/Info.plist;
				INSTALL_PATH = "$(LOCAL_LIBRARY_DIR)/Frameworks";
				LD_RUNPATH_SEARCH_PATHS = "$(inherited) @executable_path/Frameworks @loader_path/Frameworks";
				PRODUCT_BUNDLE_IDENTIFIER = ph.com.rickzonhagos.RHFramework;
				PRODUCT_NAME = "$(TARGET_NAME)";
				SKIP_INSTALL = YES;
			};
			name = Release;
		};
		952AC5D61BF4805C00F94F18 /* Debug */ = {
			isa = XCBuildConfiguration;
			buildSettings = {
				INFOPLIST_FILE = RHFrameworkTests/Info.plist;
				LD_RUNPATH_SEARCH_PATHS = "$(inherited) @executable_path/Frameworks @loader_path/Frameworks";
				PRODUCT_BUNDLE_IDENTIFIER = ph.com.rickzonhagos.RHFrameworkTests;
				PRODUCT_NAME = "$(TARGET_NAME)";
			};
			name = Debug;
		};
		952AC5D71BF4805C00F94F18 /* Release */ = {
			isa = XCBuildConfiguration;
			buildSettings = {
				INFOPLIST_FILE = RHFrameworkTests/Info.plist;
				LD_RUNPATH_SEARCH_PATHS = "$(inherited) @executable_path/Frameworks @loader_path/Frameworks";
				PRODUCT_BUNDLE_IDENTIFIER = ph.com.rickzonhagos.RHFrameworkTests;
				PRODUCT_NAME = "$(TARGET_NAME)";
			};
			name = Release;
		};
/* End XCBuildConfiguration section */

/* Begin XCConfigurationList section */
		952AC5B81BF4805C00F94F18 /* Build configuration list for PBXProject "RHFramework" */ = {
			isa = XCConfigurationList;
			buildConfigurations = (
				952AC5D01BF4805C00F94F18 /* Debug */,
				952AC5D11BF4805C00F94F18 /* Release */,
			);
			defaultConfigurationIsVisible = 0;
			defaultConfigurationName = Release;
		};
		952AC5D21BF4805C00F94F18 /* Build configuration list for PBXNativeTarget "RHFramework" */ = {
			isa = XCConfigurationList;
			buildConfigurations = (
				952AC5D31BF4805C00F94F18 /* Debug */,
				952AC5D41BF4805C00F94F18 /* Release */,
			);
			defaultConfigurationIsVisible = 0;
			defaultConfigurationName = Release;
		};
		952AC5D51BF4805C00F94F18 /* Build configuration list for PBXNativeTarget "RHFrameworkTests" */ = {
			isa = XCConfigurationList;
			buildConfigurations = (
				952AC5D61BF4805C00F94F18 /* Debug */,
				952AC5D71BF4805C00F94F18 /* Release */,
			);
			defaultConfigurationIsVisible = 0;
			defaultConfigurationName = Release;
		};
/* End XCConfigurationList section */
	};
	rootObject = 952AC5B51BF4805C00F94F18 /* Project object */;
}
